
Microsoft Visual Studio Solution File, Format Version 12.00
# Visual Studio Version 17
VisualStudioVersion = 17.14.36705.20
MinimumVisualStudioVersion = 10.0.40219.1
Project("{FAE04EC0-301F-11D3-BF4B-00C04F79EFBC}") = "ResumeWebsite", "ResumeWebsite.csproj", "{6AB89953-59DA-435E-95B7-3EE0D4927FCA}"
EndProject
Global
	GlobalSection(SolutionConfigurationPlatforms) = preSolution
		Debug|Any CPU = Debug|Any CPU
		Release|Any CPU = Release|Any CPU
	EndGlobalSection
	GlobalSection(ProjectConfigurationPlatforms) = postSolution
		{6AB89953-59DA-435E-95B7-3EE0D4927FCA}.Debug|Any CPU.ActiveCfg = Debug|Any CPU
		{6AB89953-59DA-435E-95B7-3EE0D4927FCA}.Debug|Any CPU.Build.0 = Debug|Any CPU
		{6AB89953-59DA-435E-95B7-3EE0D4927FCA}.Release|Any CPU.ActiveCfg = Release|Any CPU
		{6AB89953-59DA-435E-95B7-3EE0D4927FCA}.Release|Any CPU.Build.0 = Release|Any CPU
	EndGlobalSection
	GlobalSection(SolutionProperties) = preSolution
		HideSolutionNode = FALSE
	EndGlobalSection
	GlobalSection(ExtensibilityGlobals) = postSolution
		SolutionGuid = {D72983AE-4F98-42A0-AE24-1C8D969AE098}
	EndGlobalSection
EndGlobal
